lockfileVersion: '9.0'

settings:
  autoInstallPeers: true
  excludeLinksFromLockfile: false

importers:

  .:
    dependencies:
      yauzl:
        specifier: 3.4.0
        version: 3.4.0

packages:

  pend@1.2.0:
    resolution: {integrity: sha512-F3asv42UuXchdzt+xXqfW1OGlVBe+mxa2mqI0pg5yAHZPvFmY3Y6drSf/GQ1A86WgWEN9Kzh/WrgKa6iGcHXLg==}

  yauzl@3.4.0:
    resolution: {integrity: sha512-jIH9yLR9wqr0wOS0TpBvo/g/2UgZH5qePVbjgRliiF0BYvOZyaBknKsF+x9Iht0O6sqgnB93rCICdOZFecJuDw==}
    engines: {node: '>=12'}

snapshots:

  pend@1.2.0: {}

  yauzl@3.4.0:
    dependencies:
      pend: 1.2.0
